
Microsoft Visual Studio Solution File, Format Version 12.00
# Visual Studio 15
Project("{FAE04EC0-301F-11D3-BF4B-00C04F79EFBC}") = "Assembly-CSharp", "Assembly-CSharp.csproj", "{B19A3318-0E3E-0769-5B94-73788860578F}"
EndProject
Project("{FAE04EC0-301F-11D3-BF4B-00C04F79EFBC}") = "Assembly-CSharp-Editor", "Assembly-CSharp-Editor.csproj", "{F5A66D94-D0ED-5644-A69C-F430E450747D}"
EndProject
Global
	GlobalSection(SolutionConfigurationPlatforms) = preSolution
		Debug|Any CPU = Debug|Any CPU
		Release|Any CPU = Release|Any CPU
	EndGlobalSection
	GlobalSection(ProjectConfigurationPlatforms) = postSolution
		{B19A3318-0E3E-0769-5B94-73788860578F}.Debug|Any CPU.ActiveCfg = Debug|Any CPU
		{B19A3318-0E3E-0769-5B94-73788860578F}.Debug|Any CPU.Build.0 = Debug|Any CPU
		{B19A3318-0E3E-0769-5B94-73788860578F}.Release|Any CPU.ActiveCfg = Release|Any CPU
		{B19A3318-0E3E-0769-5B94-73788860578F}.Release|Any CPU.Build.0 = Release|Any CPU
		{F5A66D94-D0ED-5644-A69C-F430E450747D}.Debug|Any CPU.ActiveCfg = Debug|Any CPU
		{F5A66D94-D0ED-5644-A69C-F430E450747D}.Debug|Any CPU.Build.0 = Debug|Any CPU
		{F5A66D94-D0ED-5644-A69C-F430E450747D}.Release|Any CPU.ActiveCfg = Release|Any CPU
		{F5A66D94-D0ED-5644-A69C-F430E450747D}.Release|Any CPU.Build.0 = Release|Any CPU
	EndGlobalSection
	GlobalSection(SolutionProperties) = preSolution
		HideSolutionNode = FALSE
	EndGlobalSection
EndGlobal
